
Microsoft Visual Studio Solution File, Format Version 12.00
# Visual Studio Version 17
VisualStudioVersion = 17.4.33213.308
MinimumVisualStudioVersion = 10.0.40219.1
Project("{FAE04EC0-301F-11D3-BF4B-00C04F79EFBC}") = "Code", "Code\Code.csproj", "{7E4A783F-1CF7-456C-B744-098FB2835AD7}"
EndProject
Global
	GlobalSection(SolutionConfigurationPlatforms) = preSolution
		Debug|Any CPU = Debug|Any CPU
		Release|Any CPU = Release|Any CPU
	EndGlobalSection
	GlobalSection(ProjectConfigurationPlatforms) = postSolution
		{7E4A783F-1CF7-456C-B744-098FB2835AD7}.Debug|Any CPU.ActiveCfg = Debug|Any CPU
		{7E4A783F-1CF7-456C-B744-098FB2835AD7}.Debug|Any CPU.Build.0 = Debug|Any CPU
		{7E4A783F-1CF7-456C-B744-098FB2835AD7}.Release|Any CPU.ActiveCfg = Release|Any CPU
		{7E4A783F-1CF7-456C-B744-098FB2835AD7}.Release|Any CPU.Build.0 = Release|Any CPU
	EndGlobalSection
	GlobalSection(SolutionProperties) = preSolution
		HideSolutionNode = FALSE
	EndGlobalSection
	GlobalSection(ExtensibilityGlobals) = postSolution
		SolutionGuid = {D621A216-2F0E-46DD-BAAC-0716DC025A3A}
	EndGlobalSection
EndGlobal
